lockfileVersion: '9.0'

settings:
  autoInstallPeers: true
  excludeLinksFromLockfile: false

importers:

  .:
    dependencies:
      nodemailer:
        specifier: ^9.0.3
        version: 9.0.4
    devDependencies:
      '@types/nodemailer':
        specifier: ^8.0.1
        version: 8.0.1

packages:

  '@types/node@26.1.2':
    resolution: {integrity: sha512-Vu4a5UFA9rIIFJ7rB/Vaafh9lrCQszopTCx6KjFboXTGQbPNasehVR5TEiithSDGyd1DEiUByggTZsg8jukeIg==}

  '@types/nodemailer@8.0.1':
    resolution: {integrity: sha512-PxpaInm8V1JQDd4j0ds5HfvWQk8JupS1C0Picb96QJsrrRDjBH+DlK7L4ZdNSqNULhiZRQHc40nLVShaGxXAMw==}

  nodemailer@9.0.4:
    resolution: {integrity: sha512-LmJNRVRtfSCULxcZpy0Cpg4WWenlUZ9+zbmTO+S7v9wD6XreYLjXRFtDjtV/4F0HT5p1GyZfA0Ux/myxHb18CQ==}
    engines: {node: '>=6.0.0'}

  undici-types@8.3.0:
    resolution: {integrity: sha512-j375ScV60dom+YkPFIfTLcOiPxkN/buHz5GobjLhixFuANaNs3C9l4GmrWqejgXWJ7BbJcFYpTEUkS1Ge8bpZQ==}

snapshots:

  '@types/node@26.1.2':
    dependencies:
      undici-types: 8.3.0

  '@types/nodemailer@8.0.1':
    dependencies:
      '@types/node': 26.1.2

  nodemailer@9.0.4: {}

  undici-types@8.3.0: {}
